<?xml version="1.0" encoding="utf-8"?>
<Project ToolsVersion="4.0" xmlns="http://schemas.microsoft.com/developer/msbuild/2003">
  <ItemGroup>
    <ClCompile Include="plugin.cpp" />
    <ClCompile Include="pluginmain.cpp" />
  </ItemGroup>
  <ItemGroup>
    <ClInclude Include="kusdcases.h" />
    <ClInclude Include="plugin.h" />
    <ClInclude Include="pluginmain.h" />
    <ClInclude Include="undocumented.h" />
    <ClInclude Include="pluginsdk\capstone\arm.h">
      <Filter>pluginsdk</Filter>
    </ClInclude>
    <ClInclude Include="pluginsdk\capstone\arm64.h">
      <Filter>pluginsdk</Filter>
    </ClInclude>
    <ClInclude Include="pluginsdk\capstone\capstone.h">
      <Filter>pluginsdk</Filter>
    </ClInclude>
    <ClInclude Include="pluginsdk\capstone\m68k.h">
      <Filter>pluginsdk</Filter>
    </ClInclude>
    <ClInclude Include="pluginsdk\capstone\mips.h">
      <Filter>pluginsdk</Filter>
    </ClInclude>
    <ClInclude Include="pluginsdk\capstone\platform.h">
      <Filter>pluginsdk</Filter>
    </ClInclude>
    <ClInclude Include="pluginsdk\capstone\ppc.h">
      <Filter>pluginsdk</Filter>
    </ClInclude>
    <ClInclude Include="pluginsdk\capstone\sparc.h">
      <Filter>pluginsdk</Filter>
    </ClInclude>
    <ClInclude Include="pluginsdk\capstone\systemz.h">
      <Filter>pluginsdk</Filter>
    </ClInclude>
    <ClInclude Include="pluginsdk\capstone\x86.h">
      <Filter>pluginsdk</Filter>
    </ClInclude>
    <ClInclude Include="pluginsdk\capstone\xcore.h">
      <Filter>pluginsdk</Filter>
    </ClInclude>
    <ClInclude Include="pluginsdk\dbghelp\dbghelp.h">
      <Filter>pluginsdk</Filter>
    </ClInclude>
    <ClInclude Include="pluginsdk\DeviceNameResolver\DeviceNameResolver.h">
      <Filter>pluginsdk</Filter>
    </ClInclude>
    <ClInclude Include="pluginsdk\jansson\jansson.h">
      <Filter>pluginsdk</Filter>
    </ClInclude>
    <ClInclude Include="pluginsdk\jansson\jansson_config.h">
      <Filter>pluginsdk</Filter>
    </ClInclude>
    <ClInclude Include="pluginsdk\jansson\jansson_x64dbg.h">
      <Filter>pluginsdk</Filter>
    </ClInclude>
    <ClInclude Include="pluginsdk\lz4\lz4.h">
      <Filter>pluginsdk</Filter>
    </ClInclude>
    <ClInclude Include="pluginsdk\lz4\lz4file.h">
      <Filter>pluginsdk</Filter>
    </ClInclude>
    <ClInclude Include="pluginsdk\lz4\lz4hc.h">
      <Filter>pluginsdk</Filter>
    </ClInclude>
    <ClInclude Include="pluginsdk\TitanEngine\TitanEngine.h">
      <Filter>pluginsdk</Filter>
    </ClInclude>
    <ClInclude Include="pluginsdk\XEDParse\XEDParse.h">
      <Filter>pluginsdk</Filter>
    </ClInclude>
    <ClInclude Include="pluginsdk\yara\yara\ahocorasick.h">
      <Filter>pluginsdk</Filter>
    </ClInclude>
    <ClInclude Include="pluginsdk\yara\yara\arena.h">
      <Filter>pluginsdk</Filter>
    </ClInclude>
    <ClInclude Include="pluginsdk\yara\yara\atoms.h">
      <Filter>pluginsdk</Filter>
    </ClInclude>
    <ClInclude Include="pluginsdk\yara\yara\compiler.h">
      <Filter>pluginsdk</Filter>
    </ClInclude>
    <ClInclude Include="pluginsdk\yara\yara\elf.h">
      <Filter>pluginsdk</Filter>
    </ClInclude>
    <ClInclude Include="pluginsdk\yara\yara\error.h">
      <Filter>pluginsdk</Filter>
    </ClInclude>
    <ClInclude Include="pluginsdk\yara\yara\exec.h">
      <Filter>pluginsdk</Filter>
    </ClInclude>
    <ClInclude Include="pluginsdk\yara\yara\exefiles.h">
      <Filter>pluginsdk</Filter>
    </ClInclude>
    <ClInclude Include="pluginsdk\yara\yara\filemap.h">
      <Filter>pluginsdk</Filter>
    </ClInclude>
    <ClInclude Include="pluginsdk\yara\yara\globals.h">
      <Filter>pluginsdk</Filter>
    </ClInclude>
    <ClInclude Include="pluginsdk\yara\yara\hash.h">
      <Filter>pluginsdk</Filter>
    </ClInclude>
    <ClInclude Include="pluginsdk\yara\yara\hex_lexer.h">
      <Filter>pluginsdk</Filter>
    </ClInclude>
    <ClInclude Include="pluginsdk\yara\yara\integers.h">
      <Filter>pluginsdk</Filter>
    </ClInclude>
    <ClInclude Include="pluginsdk\yara\yara\lexer.h">
      <Filter>pluginsdk</Filter>
    </ClInclude>
    <ClInclude Include="pluginsdk\yara\yara\libyara.h">
      <Filter>pluginsdk</Filter>
    </ClInclude>
    <ClInclude Include="pluginsdk\yara\yara\limits.h">
      <Filter>pluginsdk</Filter>
    </ClInclude>
    <ClInclude Include="pluginsdk\yara\yara\mem.h">
      <Filter>pluginsdk</Filter>
    </ClInclude>
    <ClInclude Include="pluginsdk\yara\yara\modules.h">
      <Filter>pluginsdk</Filter>
    </ClInclude>
    <ClInclude Include="pluginsdk\yara\yara\object.h">
      <Filter>pluginsdk</Filter>
    </ClInclude>
    <ClInclude Include="pluginsdk\yara\yara\parser.h">
      <Filter>pluginsdk</Filter>
    </ClInclude>
    <ClInclude Include="pluginsdk\yara\yara\pe.h">
      <Filter>pluginsdk</Filter>
    </ClInclude>
    <ClInclude Include="pluginsdk\yara\yara\proc.h">
      <Filter>pluginsdk</Filter>
    </ClInclude>
    <ClInclude Include="pluginsdk\yara\yara\re.h">
      <Filter>pluginsdk</Filter>
    </ClInclude>
    <ClInclude Include="pluginsdk\yara\yara\re_lexer.h">
      <Filter>pluginsdk</Filter>
    </ClInclude>
    <ClInclude Include="pluginsdk\yara\yara\rules.h">
      <Filter>pluginsdk</Filter>
    </ClInclude>
    <ClInclude Include="pluginsdk\yara\yara\scan.h">
      <Filter>pluginsdk</Filter>
    </ClInclude>
    <ClInclude Include="pluginsdk\yara\yara\sizedstr.h">
      <Filter>pluginsdk</Filter>
    </ClInclude>
    <ClInclude Include="pluginsdk\yara\yara\stream.h">
      <Filter>pluginsdk</Filter>
    </ClInclude>
    <ClInclude Include="pluginsdk\yara\yara\strutils.h">
      <Filter>pluginsdk</Filter>
    </ClInclude>
    <ClInclude Include="pluginsdk\yara\yara\threading.h">
      <Filter>pluginsdk</Filter>
    </ClInclude>
    <ClInclude Include="pluginsdk\yara\yara\types.h">
      <Filter>pluginsdk</Filter>
    </ClInclude>
    <ClInclude Include="pluginsdk\yara\yara\utils.h">
      <Filter>pluginsdk</Filter>
    </ClInclude>
    <ClInclude Include="pluginsdk\yara\yara.h">
      <Filter>pluginsdk</Filter>
    </ClInclude>
    <ClInclude Include="pluginsdk\_dbgfunctions.h">
      <Filter>pluginsdk</Filter>
    </ClInclude>
    <ClInclude Include="pluginsdk\_plugin_types.h">
      <Filter>pluginsdk</Filter>
    </ClInclude>
    <ClInclude Include="pluginsdk\_plugins.h">
      <Filter>pluginsdk</Filter>
    </ClInclude>
    <ClInclude Include="pluginsdk\_scriptapi.h">
      <Filter>pluginsdk</Filter>
    </ClInclude>
    <ClInclude Include="pluginsdk\_scriptapi_argument.h">
      <Filter>pluginsdk</Filter>
    </ClInclude>
    <ClInclude Include="pluginsdk\_scriptapi_assembler.h">
      <Filter>pluginsdk</Filter>
    </ClInclude>
    <ClInclude Include="pluginsdk\_scriptapi_bookmark.h">
      <Filter>pluginsdk</Filter>
    </ClInclude>
    <ClInclude Include="pluginsdk\_scriptapi_comment.h">
      <Filter>pluginsdk</Filter>
    </ClInclude>
    <ClInclude Include="pluginsdk\_scriptapi_debug.h">
      <Filter>pluginsdk</Filter>
    </ClInclude>
    <ClInclude Include="pluginsdk\_scriptapi_flag.h">
      <Filter>pluginsdk</Filter>
    </ClInclude>
    <ClInclude Include="pluginsdk\_scriptapi_function.h">
      <Filter>pluginsdk</Filter>
    </ClInclude>
    <ClInclude Include="pluginsdk\_scriptapi_gui.h">
      <Filter>pluginsdk</Filter>
    </ClInclude>
    <ClInclude Include="pluginsdk\_scriptapi_label.h">
      <Filter>pluginsdk</Filter>
    </ClInclude>
    <ClInclude Include="pluginsdk\_scriptapi_memory.h">
      <Filter>pluginsdk</Filter>
    </ClInclude>
    <ClInclude Include="pluginsdk\_scriptapi_misc.h">
      <Filter>pluginsdk</Filter>
    </ClInclude>
    <ClInclude Include="pluginsdk\_scriptapi_module.h">
      <Filter>pluginsdk</Filter>
    </ClInclude>
    <ClInclude Include="pluginsdk\_scriptapi_pattern.h">
      <Filter>pluginsdk</Filter>
    </ClInclude>
    <ClInclude Include="pluginsdk\_scriptapi_register.h">
      <Filter>pluginsdk</Filter>
    </ClInclude>
    <ClInclude Include="pluginsdk\_scriptapi_stack.h">
      <Filter>pluginsdk</Filter>
    </ClInclude>
    <ClInclude Include="pluginsdk\_scriptapi_symbol.h">
      <Filter>pluginsdk</Filter>
    </ClInclude>
    <ClInclude Include="pluginsdk\bridgegraph.h">
      <Filter>pluginsdk</Filter>
    </ClInclude>
    <ClInclude Include="pluginsdk\bridgelist.h">
      <Filter>pluginsdk</Filter>
    </ClInclude>
    <ClInclude Include="pluginsdk\bridgemain.h">
      <Filter>pluginsdk</Filter>
    </ClInclude>
  </ItemGroup>
  <ItemGroup>
    <Filter Include="pluginsdk">
      <UniqueIdentifier>{fd10afe8-c197-4692-9325-34e7b262df09}</UniqueIdentifier>
    </Filter>
  </ItemGroup>
  <ItemGroup>
    <Library Include="pluginsdk\x64dbg.lib">
      <Filter>pluginsdk</Filter>
    </Library>
    <Library Include="pluginsdk\x32bridge.lib">
      <Filter>pluginsdk</Filter>
    </Library>
    <Library Include="pluginsdk\x32dbg.lib">
      <Filter>pluginsdk</Filter>
    </Library>
    <Library Include="pluginsdk\x64bridge.lib">
      <Filter>pluginsdk</Filter>
    </Library>
  </ItemGroup>
</Project>